{
  "requires": true,
  "lockfileVersion": 1,
  "dependencies": {
    "gcom0-palindrome": {
      "version": "0.1.1",
      "resolved": "https://registry.npmjs.org/gcom0-palindrome/-/gcom0-palindrome-0.1.1.tgz",
      "integrity": "sha512-FuEMrbWHnkopzhPtWu5YfAbSVWz7peq3OilEjQk08QgT8OYrjPrjbIWAQepl1ft5qMaBG9y9lxC0DgIPfaGsHQ=="
    }
  }
}
